{
  "name": "luxcode-ai",
  "version": "0.4.0",
  "lockfileVersion": 3,
  "requires": true,
  "packages": {
    "": {
      "name": "luxcode-ai",
      "version": "0.4.0",
      "devDependencies": {
        "@types/node": "^20.0.0",
        "@types/vscode": "^1.85.0",
        "@vitest/coverage-v8": "^1.6.0",
        "@vscode/vsce": "^2.22.0",
        "typescript": "^5.3.0",
        "vitest": "^1.6.0"
      }
    }
  }
}
